// !$*UTF8*$!
{
	archiveVersion = 1;
	classes = {
	};
	objectVersion = 50;
	objects = {

/* Begin PBXBuildFile section */
		8767669320F3D6D8009FDF02 /* AppDelegate.swift in Sources */ = {isa = PBXBuildFile; fileRef = 8767669220F3D6D8009FDF02 /* AppDelegate.swift */; };
		8767669520F3D6D8009FDF02 /* ViewController.swift in Sources */ = {isa = PBXBuildFile; fileRef = 8767669420F3D6D8009FDF02 /* ViewController.swift */; };
		8767669820F3D6D8009FDF02 /* Main.storyboard in Resources */ = {isa = PBXBuildFile; fileRef = 8767669620F3D6D8009FDF02 /* Main.storyboard */; };
		8767669B20F3D6D8009FDF02 /* Atlantica.xcdatamodeld in Sources */ = {isa = PBXBuildFile; fileRef = 8767669920F3D6D8009FDF02 /* Atlantica.xcdatamodeld */; };
		8767669D20F3D6DA009FDF02 /* Assets.xcassets in Resources */ = {isa = PBXBuildFile; fileRef = 8767669C20F3D6DA009FDF02 /* Assets.xcassets */; };
		876766A020F3D6DA009FDF02 /* LaunchScreen.storyboard in Resources */ = {isa = PBXBuildFile; fileRef = 8767669E20F3D6DA009FDF02 /* LaunchScreen.storyboard */; };
/* End PBXBuildFile section */

/* Begin PBXFileReference section */
		8767668F20F3D6D8009FDF02 /* Atlantica.app */ = {isa = PBXFileReference; explicitFileType = wrapper.application; includeInIndex = 0; path = Atlantica.app; sourceTree = BUILT_PRODUCTS_DIR; };
		8767669220F3D6D8009FDF02 /* AppDelegate.swift */ = {isa = PBXFileReference; lastKnownFileType = sourcecode.swift; path = AppDelegate.swift; sourceTree = "<group>"; };
		8767669420F3D6D8009FDF02 /* ViewController.swift */ = {isa = PBXFileReference; lastKnownFileType = sourcecode.swift; path = ViewController.swift; sourceTree = "<group>"; };
		8767669720F3D6D8009FDF02 /* Base */ = {isa = PBXFileReference; lastKnownFileType = file.storyboard; name = Base; path = Base.lproj/Main.storyboard; sourceTree = "<group>"; };
		8767669A20F3D6D8009FDF02 /* Atlantica.xcdatamodel */ = {isa = PBXFileReference; lastKnownFileType = wrapper.xcdatamodel; path = Atlantica.xcdatamodel; sourceTree = "<group>"; };
		8767669C20F3D6DA009FDF02 /* Assets.xcassets */ = {isa = PBXFileReference; lastKnownFileType = folder.assetcatalog; path = Assets.xcassets; sourceTree = "<group>"; };
		8767669F20F3D6DA009FDF02 /* Base */ = {isa = PBXFileReference; lastKnownFileType = file.storyboard; name = Base; path = Base.lproj/LaunchScreen.storyboard; sourceTree = "<group>"; };
		876766A120F3D6DA009FDF02 /* Info.plist */ = {isa = PBXFileReference; lastKnownFileType = text.plist.xml; path = Info.plist; sourceTree = "<group>"; };
/* End PBXFileReference section */

/* Begin PBXFrameworksBuildPhase section */
		8767668C20F3D6D8009FDF02 /* Frameworks */ = {
			isa = PBXFrameworksBuildPhase;
			buildActionMask = 2147483647;
			files = (
			);
			runOnlyForDeploymentPostprocessing = 0;
		};
/* End PBXFrameworksBuildPhase section */

/* Begin PBXGroup section */
		8767668620F3D6D8009FDF02 = {
			isa = PBXGroup;
			children = (
				8767669120F3D6D8009FDF02 /* Atlantica */,
				8767669020F3D6D8009FDF02 /* Products */,
			);
			sourceTree = "<group>";
		};
		8767669020F3D6D8009FDF02 /* Products */ = {
			isa = PBXGroup;
			children = (
				8767668F20F3D6D8009FDF02 /* Atlantica.app */,
			);
			name = Products;
			sourceTree = "<group>";
		};
		8767669120F3D6D8009FDF02 /* Atlantica */ = {
			isa = PBXGroup;
			children = (
				8767669220F3D6D8009FDF02 /* AppDelegate.swift */,
				8767669420F3D6D8009FDF02 /* ViewController.swift */,
				8767669620F3D6D8009FDF02 /* Main.storyboard */,
				8767669C20F3D6DA009FDF02 /* Assets.xcassets */,
				8767669E20F3D6DA009FDF02 /* LaunchScreen.storyboard */,
				876766A120F3D6DA009FDF02 /* Info.plist */,
				8767669920F3D6D8009FDF02 /* Atlantica.xcdatamodeld */,
			);
			path = Atlantica;
			sourceTree = "<group>";
		};
/* End PBXGroup section */

/* Begin PBXNativeTarget section */
		8767668E20F3D6D8009FDF02 /* Atlantica */ = {
			isa = PBXNativeTarget;
			buildConfigurationList = 876766A420F3D6DA009FDF02 /* Build configuration list for PBXNativeTarget "Atlantica" */;
			buildPhases = (
				8767668B20F3D6D8009FDF02 /* Sources */,
				8767668C20F3D6D8009FDF02 /* Frameworks */,
				8767668D20F3D6D8009FDF02 /* Resources */,
			);
			buildRules = (
			);
			dependencies = (
			);
			name = Atlantica;
			productName = Atlantica;
			productReference = 8767668F20F3D6D8009FDF02 /* Atlantica.app */;
			productType = "com.apple.product-type.application";
		};
/* End PBXNativeTarget section */

/* Begin PBXProject section */
		8767668720F3D6D8009FDF02 /* Project object */ = {
			isa = PBXProject;
			attributes = {
				LastSwiftUpdateCheck = 0930;
				LastUpgradeCheck = 0930;
				ORGANIZATIONNAME = "vimal devarajan";
				TargetAttributes = {
					8767668E20F3D6D8009FDF02 = {
						CreatedOnToolsVersion = 9.3;
					};
				};
			};
			buildConfigurationList = 8767668A20F3D6D8009FDF02 /* Build configuration list for PBXProject "Atlantica" */;
			compatibilityVersion = "Xcode 9.3";
			developmentRegion = en;
			hasScannedForEncodings = 0;
			knownRegions = (
				en,
				Base,
			);
			mainGroup = 8767668620F3D6D8009FDF02;
			productRefGroup = 8767669020F3D6D8009FDF02 /* Products */;
			projectDirPath = "";
			projectRoot = "";
			targets = (
				8767668E20F3D6D8009FDF02 /* Atlantica */,
			);
		};
/* End PBXProject section */

/* Begin PBXResourcesBuildPhase section */
		8767668D20F3D6D8009FDF02 /* Resources */ = {
			isa = PBXResourcesBuildPhase;
			buildActionMask = 2147483647;
			files = (
				876766A020F3D6DA009FDF02 /* LaunchScreen.storyboard in Resources */,
				8767669D20F3D6DA009FDF02 /* Assets.xcassets in Resources */,
				8767669820F3D6D8009FDF02 /* Main.storyboard in Resources */,
			);
			runOnlyForDeploymentPostprocessing = 0;
		};
/* End PBXResourcesBuildPhase section */

/* Begin PBXSourcesBuildPhase section */
		8767668B20F3D6D8009FDF02 /* Sources */ = {
			isa = PBXSourcesBuildPhase;
			buildActionMask = 2147483647;
			files = (
				8767669520F3D6D8009FDF02 /* ViewController.swift in Sources */,
				8767669320F3D6D8009FDF02 /* AppDelegate.swift in Sources */,
				8767669B20F3D6D8009FDF02 /* Atlantica.xcdatamodeld in Sources */,
			);
			runOnlyForDeploymentPostprocessing = 0;
		};
/* End PBXSourcesBuildPhase section */

/* Begin PBXVariantGroup section */
		8767669620F3D6D8009FDF02 /* Main.storyboard */ = {
			isa = PBXVariantGroup;
			children = (
				8767669720F3D6D8009FDF02 /* Base */,
			);
			name = Main.storyboard;
			sourceTree = "<group>";
		};
		8767669E20F3D6DA009FDF02 /* LaunchScreen.storyboard */ = {
			isa = PBXVariantGroup;
			children = (
				8767669F20F3D6DA009FDF02 /* Base */,
			);
			name = LaunchScreen.storyboard;
			sourceTree = "<group>";
		};
/* End PBXVariantGroup section */

/* Begin XCBuildConfiguration section */
		876766A220F3D6DA009FDF02 /* Debug */ = {
			isa = XCBuildConfiguration;
			buildSettings = {
				ALWAYS_SEARCH_USER_PATHS = NO;
				CLANG_ANALYZER_NONNULL = YES;
				CLANG_ANALYZER_NUMBER_OBJECT_CONVERSION = YES_AGGRESSIVE;
				CLANG_CXX_LANGUAGE_STANDARD = "gnu++14";
				CLANG_CXX_LIBRARY = "libc++";
				CLANG_ENABLE_MODULES = YES;
				CLANG_ENABLE_OBJC_ARC = YES;
				CLANG_ENABLE_OBJC_WEAK = YES;
				CLANG_WARN_BLOCK_CAPTURE_AUTORELEASING = YES;
				CLANG_WARN_BOOL_CONVERSION = YES;
				CLANG_WARN_COMMA = YES;
				CLANG_WARN_CONSTANT_CONVERSION = YES;
				CLANG_WARN_DEPRECATED_OBJC_IMPLEMENTATIONS = YES;
				CLANG_WARN_DIRECT_OBJC_ISA_USAGE = YES_ERROR;
				CLANG_WARN_DOCUMENTATION_COMMENTS = YES;
				CLANG_WARN_EMPTY_BODY = YES;
				CLANG_WARN_ENUM_CONVERSION = YES;
				CLANG_WARN_INFINITE_RECURSION = YES;
				CLANG_WARN_INT_CONVERSION = YES;
				CLANG_WARN_NON_LITERAL_NULL_CONVERSION = YES;
				CLANG_WARN_OBJC_IMPLICIT_RETAIN_SELF = YES;
				CLANG_WARN_OBJC_LITERAL_CONVERSION = YES;
				CLANG_WARN_OBJC_ROOT_CLASS = YES_ERROR;
				CLANG_WARN_RANGE_LOOP_ANALYSIS = YES;
				CLANG_WARN_STRICT_PROTOTYPES = YES;
				CLANG_WARN_SUSPICIOUS_MOVE = YES;
				CLANG_WARN_UNGUARDED_AVAILABILITY = YES_AGGRESSIVE;
				CLANG_WARN_UNREACHABLE_CODE = YES;
				CLANG_WARN__DUPLICATE_METHOD_MATCH = YES;
				CODE_SIGN_IDENTITY = "iPhone Developer";
				COPY_PHASE_STRIP = NO;
				DEBUG_INFORMATION_FORMAT = dwarf;
				ENABLE_STRICT_OBJC_MSGSEND = YES;
				ENABLE_TESTABILITY = YES;
				GCC_C_LANGUAGE_STANDARD = gnu11;
				GCC_DYNAMIC_NO_PIC = NO;
				GCC_NO_COMMON_BLOCKS = YES;
				GCC_OPTIMIZATION_LEVEL = 0;
				GCC_PREPROCESSOR_DEFINITIONS = (
					"DEBUG=1",
					"$(inherited)",
				);
				GCC_WARN_64_TO_32_BIT_CONVERSION = YES;
				GCC_WARN_ABOUT_RETURN_TYPE = YES_ERROR;
				GCC_WARN_UNDECLARED_SELECTOR = YES;
				GCC_WARN_UNINITIALIZED_AUTOS = YES_AGGRESSIVE;
				GCC_WARN_UNUSED_FUNCTION = YES;
				GCC_WARN_UNUSED_VARIABLE = YES;
				IPHONEOS_DEPLOYMENT_TARGET = 11.3;
				MTL_ENABLE_DEBUG_INFO = YES;
				ONLY_ACTIVE_ARCH = YES;
				SDKROOT = iphoneos;
				SWIFT_ACTIVE_COMPILATION_CONDITIONS = DEBUG;
				SWIFT_OPTIMIZATION_LEVEL = "-Onone";
			};
			name = Debug;
		};
		876766A320F3D6DA009FDF02 /* Release */ = {
			isa = XCBuildConfiguration;
			buildSettings = {
				ALWAYS_SEARCH_USER_PATHS = NO;
				CLANG_ANALYZER_NONNULL = YES;
				CLANG_ANALYZER_NUMBER_OBJECT_CONVERSION = YES_AGGRESSIVE;
				CLANG_CXX_LANGUAGE_STANDARD = "gnu++14";
				CLANG_CXX_LIBRARY = "libc++";
				CLANG_ENABLE_MODULES = YES;
				CLANG_ENABLE_OBJC_ARC = YES;
				CLANG_ENABLE_OBJC_WEAK = YES;
				CLANG_WARN_BLOCK_CAPTURE_AUTORELEASING = YES;
				CLANG_WARN_BOOL_CONVERSION = YES;
				CLANG_WARN_COMMA = YES;
				CLANG_WARN_CONSTANT_CONVERSION = YES;
				CLANG_WARN_DEPRECATED_OBJC_IMPLEMENTATIONS = YES;
				CLANG_WARN_DIRECT_OBJC_ISA_USAGE = YES_ERROR;
				CLANG_WARN_DOCUMENTATION_COMMENTS = YES;
				CLANG_WARN_EMPTY_BODY = YES;
				CLANG_WARN_ENUM_CONVERSION = YES;
				CLANG_WARN_INFINITE_RECURSION = YES;
				CLANG_WARN_INT_CONVERSION = YES;
				CLANG_WARN_NON_LITERAL_NULL_CONVERSION = YES;
				CLANG_WARN_OBJC_IMPLICIT_RETAIN_SELF = YES;
				CLANG_WARN_OBJC_LITERAL_CONVERSION = YES;
				CLANG_WARN_OBJC_ROOT_CLASS = YES_ERROR;
				CLANG_WARN_RANGE_LOOP_ANALYSIS = YES;
				CLANG_WARN_STRICT_PROTOTYPES = YES;
				CLANG_WARN_SUSPICIOUS_MOVE = YES;
				CLANG_WARN_UNGUARDED_AVAILABILITY = YES_AGGRESSIVE;
				CLANG_WARN_UNREACHABLE_CODE = YES;
				CLANG_WARN__DUPLICATE_METHOD_MATCH = YES;
				CODE_SIGN_IDENTITY = "iPhone Developer";
				COPY_PHASE_STRIP = NO;
				DEBUG_INFORMATION_FORMAT = "dwarf-with-dsym";
				ENABLE_NS_ASSERTIONS = NO;
				ENABLE_STRICT_OBJC_MSGSEND = YES;
				GCC_C_LANGUAGE_STANDARD = gnu11;
				GCC_NO_COMMON_BLOCKS = YES;
				GCC_WARN_64_TO_32_BIT_CONVERSION = YES;
				GCC_WARN_ABOUT_RETURN_TYPE = YES_ERROR;
				GCC_WARN_UNDECLARED_SELECTOR = YES;
				GCC_WARN_UNINITIALIZED_AUTOS = YES_AGGRESSIVE;
				GCC_WARN_UNUSED_FUNCTION = YES;
				GCC_WARN_UNUSED_VARIABLE = YES;
				IPHONEOS_DEPLOYMENT_TARGET = 11.3;
				MTL_ENABLE_DEBUG_INFO = NO;
				SDKROOT = iphoneos;
				SWIFT_COMPILATION_MODE = wholemodule;
				SWIFT_OPTIMIZATION_LEVEL = "-O";
				VALIDATE_PRODUCT = YES;
			};
			name = Release;
		};
		876766A520F3D6DA009FDF02 /* Debug */ = {
			isa = XCBuildConfiguration;
			buildSettings = {
				ASSETCATALOG_COMPILER_APPICON_NAME = AppIcon;
				CODE_SIGN_STYLE = Automatic;
				INFOPLIST_FILE = Atlantica/Info.plist;
				LD_RUNPATH_SEARCH_PATHS = (
					"$(inherited)",
					"@executable_path/Frameworks",
				);
				PRODUCT_BUNDLE_IDENTIFIER = COM.HOME.Atlantica;
				PRODUCT_NAME = "$(TARGET_NAME)";
				SWIFT_VERSION = 4.0;
				TARGETED_DEVICE_FAMILY = "1,2";
			};
			name = Debug;
		};
		876766A620F3D6DA009FDF02 /* Release */ = {
			isa = XCBuildConfiguration;
			buildSettings = {
				ASSETCATALOG_COMPILER_APPICON_NAME = AppIcon;
				CODE_SIGN_STYLE = Automatic;
				INFOPLIST_FILE = Atlantica/Info.plist;
				LD_RUNPATH_SEARCH_PATHS = (
					"$(inherited)",
					"@executable_path/Frameworks",
				);
				PRODUCT_BUNDLE_IDENTIFIER = COM.HOME.Atlantica;
				PRODUCT_NAME = "$(TARGET_NAME)";
				SWIFT_VERSION = 4.0;
				TARGETED_DEVICE_FAMILY = "1,2";
			};
			name = Release;
		};
/* End XCBuildConfiguration section */

/* Begin XCConfigurationList section */
		8767668A20F3D6D8009FDF02 /* Build configuration list for PBXProject "Atlantica" */ = {
			isa = XCConfigurationList;
			buildConfigurations = (
				876766A220F3D6DA009FDF02 /* Debug */,
				876766A320F3D6DA009FDF02 /* Release */,
			);
			defaultConfigurationIsVisible = 0;
			defaultConfigurationName = Release;
		};
		876766A420F3D6DA009FDF02 /* Build configuration list for PBXNativeTarget "Atlantica" */ = {
			isa = XCConfigurationList;
			buildConfigurations = (
				876766A520F3D6DA009FDF02 /* Debug */,
				876766A620F3D6DA009FDF02 /* Release */,
			);
			defaultConfigurationIsVisible = 0;
			defaultConfigurationName = Release;
		};
/* End XCConfigurationList section */

/* Begin XCVersionGroup section */
		8767669920F3D6D8009FDF02 /* Atlantica.xcdatamodeld */ = {
			isa = XCVersionGroup;
			children = (
				8767669A20F3D6D8009FDF02 /* Atlantica.xcdatamodel */,
			);
			currentVersion = 8767669A20F3D6D8009FDF02 /* Atlantica.xcdatamodel */;
			path = Atlantica.xcdatamodeld;
			sourceTree = "<group>";
			versionGroupType = wrapper.xcdatamodel;
		};
/* End XCVersionGroup section */
	};
	rootObject = 8767668720F3D6D8009FDF02 /* Project object */;
}
